# auto-generated by grc.converter

id: atsc2_atsc2_rx_filter
label: ATSC2 RX Filter
category: '[atsc2]'

parameters:
-   id: rate
    label: Input Rate
    dtype: float
-   id: sps
    label: Oversampling Ratio
    dtype: float

inputs:
-   domain: stream
    dtype: complex

outputs:
-   domain: stream
    dtype: complex

templates:
    imports: import atsc2
    make: atsc2.atsc2_rx_filter(${rate}, ${sps})

file_format: 1
